
Microsoft Visual Studio Solution File, Format Version 12.00
# Visual Studio 2013
VisualStudioVersion = 12.0.21005.1
MinimumVisualStudioVersion = 10.0.40219.1
Project("{FAE04EC0-301F-11D3-BF4B-00C04F79EFBC}") = "MathService1", "MathService1\MathService1.csproj", "{8B8B4013-FF73-49B0-ADC4-B96E82586A86}"
EndProject
Project("{FAE04EC0-301F-11D3-BF4B-00C04F79EFBC}") = "MathServiceTestApp", "MathServiceTestApp\MathServiceTestApp.csproj", "{43902C69-9B26-44EA-9903-C578F26060A1}"
	ProjectSection(ProjectDependencies) = postProject
		{8B8B4013-FF73-49B0-ADC4-B96E82586A86} = {8B8B4013-FF73-49B0-ADC4-B96E82586A86}
	EndProjectSection
EndProject
Global
	GlobalSection(SolutionConfigurationPlatforms) = preSolution
		Debug|Any CPU = Debug|Any CPU
		Release|Any CPU = Release|Any CPU
	EndGlobalSection
	GlobalSection(ProjectConfigurationPlatforms) = postSolution
		{8B8B4013-FF73-49B0-ADC4-B96E82586A86}.Debug|Any CPU.ActiveCfg = Debug|Any CPU
		{8B8B4013-FF73-49B0-ADC4-B96E82586A86}.Debug|Any CPU.Build.0 = Debug|Any CPU
		{8B8B4013-FF73-49B0-ADC4-B96E82586A86}.Release|Any CPU.ActiveCfg = Release|Any CPU
		{8B8B4013-FF73-49B0-ADC4-B96E82586A86}.Release|Any CPU.Build.0 = Release|Any CPU
		{43902C69-9B26-44EA-9903-C578F26060A1}.Debug|Any CPU.ActiveCfg = Debug|Any CPU
		{43902C69-9B26-44EA-9903-C578F26060A1}.Debug|Any CPU.Build.0 = Debug|Any CPU
		{43902C69-9B26-44EA-9903-C578F26060A1}.Release|Any CPU.ActiveCfg = Release|Any CPU
		{43902C69-9B26-44EA-9903-C578F26060A1}.Release|Any CPU.Build.0 = Release|Any CPU
	EndGlobalSection
	GlobalSection(SolutionProperties) = preSolution
		HideSolutionNode = FALSE
	EndGlobalSection
EndGlobal
